{
  "name": "miniapp-packguard",
  "version": "0.1.0",
  "lockfileVersion": 3,
  "requires": true,
  "packages": {
    "": {
      "name": "miniapp-packguard",
      "version": "0.1.0",
      "license": "MIT",
      "bin": {
        "miniapp-packguard": "bin/miniapp-packguard.mjs"
      },
      "engines": {
        "node": ">=20"
      }
    }
  }
}
